{
  "originHash" : "0a6786d780ebfa74ffa0eba37c594b3e7211d6da7e6c10520f3a912afe892cb6",
  "pins" : [
    {
      "identity" : "database-kit",
      "kind" : "remoteSourceControl",
      "location" : "https://github.com/1amageek/database-kit.git",
      "state" : {
        "revision" : "0812a2276a96f863f35a5c9c2b6a2e5801c3ccf8",
        "version" : "26.804.0"
      }
    },
    {
      "identity" : "database-types",
      "kind" : "remoteSourceControl",
      "location" : "https://github.com/1amageek/database-types.git",
      "state" : {
        "revision" : "4b0c81a9c322cbfa5628e411ee1fa931c2890e5d",
        "version" : "26.730.0"
      }
    },
    {
      "identity" : "javascriptkit",
      "kind" : "remoteSourceControl",
      "location" : "https://github.com/1amageek/JavaScriptKit.git",
      "state" : {
        "revision" : "8067be4d2f907ab4a25614272f9e531fddd2ecfe",
        "version" : "0.57.2"
      }
    },
    {
      "identity" : "swift-syntax",
      "kind" : "remoteSourceControl",
      "location" : "https://github.com/swiftlang/swift-syntax.git",
      "state" : {
        "revision" : "79e4b74a295b6eb74a8b585e3a39d29e70c1dbd1",
        "version" : "603.0.2"
      }
    }
  ],
  "version" : 3
}
