{
  "originHash" : "1e6b3335419359dc03c782bd2949d084010bb8ba1fcbe25fa1d6ff970907367d",
  "pins" : [
    {
      "identity" : "database-kit",
      "kind" : "remoteSourceControl",
      "location" : "https://github.com/1amageek/database-kit.git",
      "state" : {
        "revision" : "f7b885a6b3cce79c94f42b650a16d699cf6e0721",
        "version" : "26.207.0"
      }
    },
    {
      "identity" : "swift-syntax",
      "kind" : "remoteSourceControl",
      "location" : "https://github.com/swiftlang/swift-syntax.git",
      "state" : {
        "revision" : "4799286537280063c85a32f09884cfbca301b1a1",
        "version" : "602.0.0"
      }
    }
  ],
  "version" : 3
}
